
Microsoft Visual Studio Solution File, Format Version 12.00
# Visual Studio 15
VisualStudioVersion = 15.0.26730.10
MinimumVisualStudioVersion = 10.0.40219.1
Project("{FAE04EC0-301F-11D3-BF4B-00C04F79EFBC}") = "ProjectTest", "ProjectTest\ProjectTest.csproj", "{9B390E9C-A989-4340-B55D-9A2AB74E5DEF}"
EndProject
Project("{54435603-DBB4-11D2-8724-00A0C9A8B90C}") = "Health", "Health\Health.vdproj", "{F333433E-09D1-4CDD-966B-18073452A537}"
EndProject
Global
	GlobalSection(SolutionConfigurationPlatforms) = preSolution
		Debug|Any CPU = Debug|Any CPU
		Release|Any CPU = Release|Any CPU
	EndGlobalSection
	GlobalSection(ProjectConfigurationPlatforms) = postSolution
		{9B390E9C-A989-4340-B55D-9A2AB74E5DEF}.Debug|Any CPU.ActiveCfg = Debug|Any CPU
		{9B390E9C-A989-4340-B55D-9A2AB74E5DEF}.Debug|Any CPU.Build.0 = Debug|Any CPU
		{9B390E9C-A989-4340-B55D-9A2AB74E5DEF}.Release|Any CPU.ActiveCfg = Release|Any CPU
		{9B390E9C-A989-4340-B55D-9A2AB74E5DEF}.Release|Any CPU.Build.0 = Release|Any CPU
		{F333433E-09D1-4CDD-966B-18073452A537}.Debug|Any CPU.ActiveCfg = Debug
		{F333433E-09D1-4CDD-966B-18073452A537}.Release|Any CPU.ActiveCfg = Release
	EndGlobalSection
	GlobalSection(SolutionProperties) = preSolution
		HideSolutionNode = FALSE
	EndGlobalSection
	GlobalSection(ExtensibilityGlobals) = postSolution
		SolutionGuid = {BE3B0BD8-83B9-4E8C-BB73-AE767CB2CA5A}
	EndGlobalSection
EndGlobal
